// !$*UTF8*$!
{
	archiveVersion = 1;
	classes = {
	};
	objectVersion = 48;
	objects = {

/* Begin PBXBuildFile section */
		8819825E1F5E955800306D08 /* GoogleService-Info.plist in Resources */ = {isa = PBXBuildFile; fileRef = 8819825D1F5E955800306D08 /* GoogleService-Info.plist */; };
		A54440BB061A06C5CB21F3F0 /* Pods_BorrowME.framework in Frameworks */ = {isa = PBXBuildFile; fileRef = 0D2B8B6CDC47078BF880BCB1 /* Pods_BorrowME.framework */; };
		CE3776661F5BB55E00992015 /* AppDelegate.swift in Sources */ = {isa = PBXBuildFile; fileRef = CE3776651F5BB55E00992015 /* AppDelegate.swift */; };
		CE3776681F5BB55E00992015 /* ViewController.swift in Sources */ = {isa = PBXBuildFile; fileRef = CE3776671F5BB55E00992015 /* ViewController.swift */; };
		CE37766B1F5BB55E00992015 /* Main.storyboard in Resources */ = {isa = PBXBuildFile; fileRef = CE3776691F5BB55E00992015 /* Main.storyboard */; };
		CE37766D1F5BB55E00992015 /* Assets.xcassets in Resources */ = {isa = PBXBuildFile; fileRef = CE37766C1F5BB55E00992015 /* Assets.xcassets */; };
		CE3776701F5BB55E00992015 /* LaunchScreen.storyboard in Resources */ = {isa = PBXBuildFile; fileRef = CE37766E1F5BB55E00992015 /* LaunchScreen.storyboard */; };
/* End PBXBuildFile section */

/* Begin PBXFileReference section */
		0D2B8B6CDC47078BF880BCB1 /* Pods_BorrowME.framework */ = {isa = PBXFileReference; explicitFileType = wrapper.framework; includeInIndex = 0; path = Pods_BorrowME.framework; sourceTree = BUILT_PRODUCTS_DIR; };
		8819825D1F5E955800306D08 /* GoogleService-Info.plist */ = {isa = PBXFileReference; fileEncoding = 4; lastKnownFileType = text.plist.xml; path = "GoogleService-Info.plist"; sourceTree = "<group>"; };
		CE3776621F5BB55E00992015 /* BorrowME.app */ = {isa = PBXFileReference; explicitFileType = wrapper.application; includeInIndex = 0; path = BorrowME.app; sourceTree = BUILT_PRODUCTS_DIR; };
		CE3776651F5BB55E00992015 /* AppDelegate.swift */ = {isa = PBXFileReference; lastKnownFileType = sourcecode.swift; path = AppDelegate.swift; sourceTree = "<group>"; };
		CE3776671F5BB55E00992015 /* ViewController.swift */ = {isa = PBXFileReference; lastKnownFileType = sourcecode.swift; path = ViewController.swift; sourceTree = "<group>"; };
		CE37766A1F5BB55E00992015 /* Base */ = {isa = PBXFileReference; lastKnownFileType = file.storyboard; name = Base; path = Base.lproj/Main.storyboard; sourceTree = "<group>"; };
		CE37766C1F5BB55E00992015 /* Assets.xcassets */ = {isa = PBXFileReference; lastKnownFileType = folder.assetcatalog; path = Assets.xcassets; sourceTree = "<group>"; };
		CE37766F1F5BB55E00992015 /* Base */ = {isa = PBXFileReference; lastKnownFileType = file.storyboard; name = Base; path = Base.lproj/LaunchScreen.storyboard; sourceTree = "<group>"; };
		CE3776711F5BB55E00992015 /* Info.plist */ = {isa = PBXFileReference; lastKnownFileType = text.plist.xml; path = Info.plist; sourceTree = "<group>"; };
		FAE77E01CBD7628C39E10D33 /* Pods-BorrowME.release.xcconfig */ = {isa = PBXFileReference; includeInIndex = 1; lastKnownFileType = text.xcconfig; name = "Pods-BorrowME.release.xcconfig"; path = "Pods/Target Support Files/Pods-BorrowME/Pods-BorrowME.release.xcconfig"; sourceTree = "<group>"; };
		FB7EDA367AC556C151EB8CAA /* Pods-BorrowME.debug.xcconfig */ = {isa = PBXFileReference; includeInIndex = 1; lastKnownFileType = text.xcconfig; name = "Pods-BorrowME.debug.xcconfig"; path = "Pods/Target Support Files/Pods-BorrowME/Pods-BorrowME.debug.xcconfig"; sourceTree = "<group>"; };
/* End PBXFileReference section */

/* Begin PBXFrameworksBuildPhase section */
		CE37765F1F5BB55E00992015 /* Frameworks */ = {
			isa = PBXFrameworksBuildPhase;
			buildActionMask = 2147483647;
			files = (
				A54440BB061A06C5CB21F3F0 /* Pods_BorrowME.framework in Frameworks */,
			);
			runOnlyForDeploymentPostprocessing = 0;
		};
/* End PBXFrameworksBuildPhase section */

/* Begin PBXGroup section */
		36A8537908A62C48377B4579 /* Frameworks */ = {
			isa = PBXGroup;
			children = (
				0D2B8B6CDC47078BF880BCB1 /* Pods_BorrowME.framework */,
			);
			name = Frameworks;
			sourceTree = "<group>";
		};
		888CBB541F5F9A54003EE9C8 /* Model */ = {
			isa = PBXGroup;
			children = (
			);
			path = Model;
			sourceTree = "<group>";
		};
		888CBB551F5F9A66003EE9C8 /* View */ = {
			isa = PBXGroup;
			children = (
			);
			path = View;
			sourceTree = "<group>";
		};
		888CBB561F5F9A7B003EE9C8 /* Controller */ = {
			isa = PBXGroup;
			children = (
			);
			path = Controller;
			sourceTree = "<group>";
		};
		96EE94051AA84B99E0E4C9F6 /* Pods */ = {
			isa = PBXGroup;
			children = (
				FB7EDA367AC556C151EB8CAA /* Pods-BorrowME.debug.xcconfig */,
				FAE77E01CBD7628C39E10D33 /* Pods-BorrowME.release.xcconfig */,
			);
			name = Pods;
			sourceTree = "<group>";
		};
		CE3776591F5BB55E00992015 = {
			isa = PBXGroup;
			children = (
				CE3776641F5BB55E00992015 /* BorrowME */,
				CE3776631F5BB55E00992015 /* Products */,
				96EE94051AA84B99E0E4C9F6 /* Pods */,
				36A8537908A62C48377B4579 /* Frameworks */,
			);
			sourceTree = "<group>";
		};
		CE3776631F5BB55E00992015 /* Products */ = {
			isa = PBXGroup;
			children = (
				CE3776621F5BB55E00992015 /* BorrowME.app */,
			);
			name = Products;
			sourceTree = "<group>";
		};
		CE3776641F5BB55E00992015 /* BorrowME */ = {
			isa = PBXGroup;
			children = (
				888CBB561F5F9A7B003EE9C8 /* Controller */,
				888CBB551F5F9A66003EE9C8 /* View */,
				888CBB541F5F9A54003EE9C8 /* Model */,
				8819825D1F5E955800306D08 /* GoogleService-Info.plist */,
				CE3776651F5BB55E00992015 /* AppDelegate.swift */,
				CE3776671F5BB55E00992015 /* ViewController.swift */,
				CE3776691F5BB55E00992015 /* Main.storyboard */,
				CE37766C1F5BB55E00992015 /* Assets.xcassets */,
				CE37766E1F5BB55E00992015 /* LaunchScreen.storyboard */,
				CE3776711F5BB55E00992015 /* Info.plist */,
			);
			path = BorrowME;
			sourceTree = "<group>";
		};
/* End PBXGroup section */

/* Begin PBXNativeTarget section */
		CE3776611F5BB55E00992015 /* BorrowME */ = {
			isa = PBXNativeTarget;
			buildConfigurationList = CE3776741F5BB55E00992015 /* Build configuration list for PBXNativeTarget "BorrowME" */;
			buildPhases = (
				C411FC5BD8EE981CE5D91C02 /* [CP] Check Pods Manifest.lock */,
				CE37765E1F5BB55E00992015 /* Sources */,
				CE37765F1F5BB55E00992015 /* Frameworks */,
				CE3776601F5BB55E00992015 /* Resources */,
				BD1D9770C371AF1B9F288A3A /* [CP] Embed Pods Frameworks */,
				8D28BF314E2015433DDEC095 /* [CP] Copy Pods Resources */,
			);
			buildRules = (
			);
			dependencies = (
			);
			name = BorrowME;
			productName = BorrowME;
			productReference = CE3776621F5BB55E00992015 /* BorrowME.app */;
			productType = "com.apple.product-type.application";
		};
/* End PBXNativeTarget section */

/* Begin PBXProject section */
		CE37765A1F5BB55E00992015 /* Project object */ = {
			isa = PBXProject;
			attributes = {
				LastSwiftUpdateCheck = 0900;
				LastUpgradeCheck = 0900;
				ORGANIZATIONNAME = team3;
				TargetAttributes = {
					CE3776611F5BB55E00992015 = {
						CreatedOnToolsVersion = 9.0;
						ProvisioningStyle = Automatic;
					};
				};
			};
			buildConfigurationList = CE37765D1F5BB55E00992015 /* Build configuration list for PBXProject "BorrowME" */;
			compatibilityVersion = "Xcode 8.0";
			developmentRegion = en;
			hasScannedForEncodings = 0;
			knownRegions = (
				en,
				Base,
			);
			mainGroup = CE3776591F5BB55E00992015;
			productRefGroup = CE3776631F5BB55E00992015 /* Products */;
			projectDirPath = "";
			projectRoot = "";
			targets = (
				CE3776611F5BB55E00992015 /* BorrowME */,
			);
		};
/* End PBXProject section */

/* Begin PBXResourcesBuildPhase section */
		CE3776601F5BB55E00992015 /* Resources */ = {
			isa = PBXResourcesBuildPhase;
			buildActionMask = 2147483647;
			files = (
				CE3776701F5BB55E00992015 /* LaunchScreen.storyboard in Resources */,
				8819825E1F5E955800306D08 /* GoogleService-Info.plist in Resources */,
				CE37766D1F5BB55E00992015 /* Assets.xcassets in Resources */,
				CE37766B1F5BB55E00992015 /* Main.storyboard in Resources */,
			);
			runOnlyForDeploymentPostprocessing = 0;
		};
/* End PBXResourcesBuildPhase section */

/* Begin PBXShellScriptBuildPhase section */
		8D28BF314E2015433DDEC095 /* [CP] Copy Pods Resources */ = {
			isa = PBXShellScriptBuildPhase;
			buildActionMask = 2147483647;
			files = (
			);
			inputPaths = (
			);
			name = "[CP] Copy Pods Resources";
			outputPaths = (
			);
			runOnlyForDeploymentPostprocessing = 0;
			shellPath = /bin/sh;
			shellScript = "\"${SRCROOT}/Pods/Target Support Files/Pods-BorrowME/Pods-BorrowME-resources.sh\"\n";
			showEnvVarsInLog = 0;
		};
		BD1D9770C371AF1B9F288A3A /* [CP] Embed Pods Frameworks */ = {
			isa = PBXShellScriptBuildPhase;
			buildActionMask = 2147483647;
			files = (
			);
			inputPaths = (
				"${SRCROOT}/Pods/Target Support Files/Pods-BorrowME/Pods-BorrowME-frameworks.sh",
				"${BUILT_PRODUCTS_DIR}/GoogleToolboxForMac/GoogleToolboxForMac.framework",
				"${BUILT_PRODUCTS_DIR}/leveldb-library/leveldb.framework",
				"${BUILT_PRODUCTS_DIR}/nanopb/nanopb.framework",
			);
			name = "[CP] Embed Pods Frameworks";
			outputPaths = (
				"${TARGET_BUILD_DIR}/${FRAMEWORKS_FOLDER_PATH}/GoogleToolboxForMac.framework",
				"${TARGET_BUILD_DIR}/${FRAMEWORKS_FOLDER_PATH}/leveldb.framework",
				"${TARGET_BUILD_DIR}/${FRAMEWORKS_FOLDER_PATH}/nanopb.framework",
			);
			runOnlyForDeploymentPostprocessing = 0;
			shellPath = /bin/sh;
			shellScript = "\"${SRCROOT}/Pods/Target Support Files/Pods-BorrowME/Pods-BorrowME-frameworks.sh\"\n";
			showEnvVarsInLog = 0;
		};
		C411FC5BD8EE981CE5D91C02 /* [CP] Check Pods Manifest.lock */ = {
			isa = PBXShellScriptBuildPhase;
			buildActionMask = 2147483647;
			files = (
			);
			inputPaths = (
				"${PODS_PODFILE_DIR_PATH}/Podfile.lock",
				"${PODS_ROOT}/Manifest.lock",
			);
			name = "[CP] Check Pods Manifest.lock";
			outputPaths = (
				"$(DERIVED_FILE_DIR)/Pods-BorrowME-checkManifestLockResult.txt",
			);
			runOnlyForDeploymentPostprocessing = 0;
			shellPath = /bin/sh;
			shellScript = "diff \"${PODS_PODFILE_DIR_PATH}/Podfile.lock\" \"${PODS_ROOT}/Manifest.lock\" > /dev/null\nif [ $? != 0 ] ; then\n    # print error to STDERR\n    echo \"error: The sandbox is not in sync with the Podfile.lock. Run 'pod install' or update your CocoaPods installation.\" >&2\n    exit 1\nfi\n# This output is used by Xcode 'outputs' to avoid re-running this script phase.\necho \"SUCCESS\" > \"${SCRIPT_OUTPUT_FILE_0}\"\n";
			showEnvVarsInLog = 0;
		};
/* End PBXShellScriptBuildPhase section */

/* Begin PBXSourcesBuildPhase section */
		CE37765E1F5BB55E00992015 /* Sources */ = {
			isa = PBXSourcesBuildPhase;
			buildActionMask = 2147483647;
			files = (
				CE3776681F5BB55E00992015 /* ViewController.swift in Sources */,
				CE3776661F5BB55E00992015 /* AppDelegate.swift in Sources */,
			);
			runOnlyForDeploymentPostprocessing = 0;
		};
/* End PBXSourcesBuildPhase section */

/* Begin PBXVariantGroup section */
		CE3776691F5BB55E00992015 /* Main.storyboard */ = {
			isa = PBXVariantGroup;
			children = (
				CE37766A1F5BB55E00992015 /* Base */,
			);
			name = Main.storyboard;
			sourceTree = "<group>";
		};
		CE37766E1F5BB55E00992015 /* LaunchScreen.storyboard */ = {
			isa = PBXVariantGroup;
			children = (
				CE37766F1F5BB55E00992015 /* Base */,
			);
			name = LaunchScreen.storyboard;
			sourceTree = "<group>";
		};
/* End PBXVariantGroup section */

/* Begin XCBuildConfiguration section */
		CE3776721F5BB55E00992015 /* Debug */ = {
			isa = XCBuildConfiguration;
			buildSettings = {
				ALWAYS_SEARCH_USER_PATHS = NO;
				CLANG_ANALYZER_NONNULL = YES;
				CLANG_ANALYZER_NUMBER_OBJECT_CONVERSION = YES_AGGRESSIVE;
				CLANG_CXX_LANGUAGE_STANDARD = "gnu++14";
				CLANG_CXX_LIBRARY = "libc++";
				CLANG_ENABLE_MODULES = YES;
				CLANG_ENABLE_OBJC_ARC = YES;
				CLANG_WARN_BLOCK_CAPTURE_AUTORELEASING = YES;
				CLANG_WARN_BOOL_CONVERSION = YES;
				CLANG_WARN_COMMA = YES;
				CLANG_WARN_CONSTANT_CONVERSION = YES;
				CLANG_WARN_DIRECT_OBJC_ISA_USAGE = YES_ERROR;
				CLANG_WARN_DOCUMENTATION_COMMENTS = YES;
				CLANG_WARN_EMPTY_BODY = YES;
				CLANG_WARN_ENUM_CONVERSION = YES;
				CLANG_WARN_INFINITE_RECURSION = YES;
				CLANG_WARN_INT_CONVERSION = YES;
				CLANG_WARN_NON_LITERAL_NULL_CONVERSION = YES;
				CLANG_WARN_OBJC_LITERAL_CONVERSION = YES;
				CLANG_WARN_OBJC_ROOT_CLASS = YES_ERROR;
				CLANG_WARN_RANGE_LOOP_ANALYSIS = YES;
				CLANG_WARN_STRICT_PROTOTYPES = YES;
				CLANG_WARN_SUSPICIOUS_MOVE = YES;
				CLANG_WARN_UNGUARDED_AVAILABILITY = YES_AGGRESSIVE;
				CLANG_WARN_UNREACHABLE_CODE = YES;
				CLANG_WARN__DUPLICATE_METHOD_MATCH = YES;
				CODE_SIGN_IDENTITY = "iPhone Developer";
				COPY_PHASE_STRIP = NO;
				DEBUG_INFORMATION_FORMAT = dwarf;
				ENABLE_STRICT_OBJC_MSGSEND = YES;
				ENABLE_TESTABILITY = YES;
				GCC_C_LANGUAGE_STANDARD = gnu11;
				GCC_DYNAMIC_NO_PIC = NO;
				GCC_NO_COMMON_BLOCKS = YES;
				GCC_OPTIMIZATION_LEVEL = 0;
				GCC_PREPROCESSOR_DEFINITIONS = (
					"DEBUG=1",
					"$(inherited)",
				);
				GCC_WARN_64_TO_32_BIT_CONVERSION = YES;
				GCC_WARN_ABOUT_RETURN_TYPE = YES_ERROR;
				GCC_WARN_UNDECLARED_SELECTOR = YES;
				GCC_WARN_UNINITIALIZED_AUTOS = YES_AGGRESSIVE;
				GCC_WARN_UNUSED_FUNCTION = YES;
				GCC_WARN_UNUSED_VARIABLE = YES;
				IPHONEOS_DEPLOYMENT_TARGET = 11.0;
				MTL_ENABLE_DEBUG_INFO = YES;
				ONLY_ACTIVE_ARCH = YES;
				SDKROOT = iphoneos;
				SWIFT_ACTIVE_COMPILATION_CONDITIONS = DEBUG;
				SWIFT_OPTIMIZATION_LEVEL = "-Onone";
			};
			name = Debug;
		};
		CE3776731F5BB55E00992015 /* Release */ = {
			isa = XCBuildConfiguration;
			buildSettings = {
				ALWAYS_SEARCH_USER_PATHS = NO;
				CLANG_ANALYZER_NONNULL = YES;
				CLANG_ANALYZER_NUMBER_OBJECT_CONVERSION = YES_AGGRESSIVE;
				CLANG_CXX_LANGUAGE_STANDARD = "gnu++14";
				CLANG_CXX_LIBRARY = "libc++";
				CLANG_ENABLE_MODULES = YES;
				CLANG_ENABLE_OBJC_ARC = YES;
				CLANG_WARN_BLOCK_CAPTURE_AUTORELEASING = YES;
				CLANG_WARN_BOOL_CONVERSION = YES;
				CLANG_WARN_COMMA = YES;
				CLANG_WARN_CONSTANT_CONVERSION = YES;
				CLANG_WARN_DIRECT_OBJC_ISA_USAGE = YES_ERROR;
				CLANG_WARN_DOCUMENTATION_COMMENTS = YES;
				CLANG_WARN_EMPTY_BODY = YES;
				CLANG_WARN_ENUM_CONVERSION = YES;
				CLANG_WARN_INFINITE_RECURSION = YES;
				CLANG_WARN_INT_CONVERSION = YES;
				CLANG_WARN_NON_LITERAL_NULL_CONVERSION = YES;
				CLANG_WARN_OBJC_LITERAL_CONVERSION = YES;
				CLANG_WARN_OBJC_ROOT_CLASS = YES_ERROR;
				CLANG_WARN_RANGE_LOOP_ANALYSIS = YES;
				CLANG_WARN_STRICT_PROTOTYPES = YES;
				CLANG_WARN_SUSPICIOUS_MOVE = YES;
				CLANG_WARN_UNGUARDED_AVAILABILITY = YES_AGGRESSIVE;
				CLANG_WARN_UNREACHABLE_CODE = YES;
				CLANG_WARN__DUPLICATE_METHOD_MATCH = YES;
				CODE_SIGN_IDENTITY = "iPhone Developer";
				COPY_PHASE_STRIP = NO;
				DEBUG_INFORMATION_FORMAT = "dwarf-with-dsym";
				ENABLE_NS_ASSERTIONS = NO;
				ENABLE_STRICT_OBJC_MSGSEND = YES;
				GCC_C_LANGUAGE_STANDARD = gnu11;
				GCC_NO_COMMON_BLOCKS = YES;
				GCC_WARN_64_TO_32_BIT_CONVERSION = YES;
				GCC_WARN_ABOUT_RETURN_TYPE = YES_ERROR;
				GCC_WARN_UNDECLARED_SELECTOR = YES;
				GCC_WARN_UNINITIALIZED_AUTOS = YES_AGGRESSIVE;
				GCC_WARN_UNUSED_FUNCTION = YES;
				GCC_WARN_UNUSED_VARIABLE = YES;
				IPHONEOS_DEPLOYMENT_TARGET = 11.0;
				MTL_ENABLE_DEBUG_INFO = NO;
				SDKROOT = iphoneos;
				SWIFT_OPTIMIZATION_LEVEL = "-Owholemodule";
				VALIDATE_PRODUCT = YES;
			};
			name = Release;
		};
		CE3776751F5BB55E00992015 /* Debug */ = {
			isa = XCBuildConfiguration;
			baseConfigurationReference = FB7EDA367AC556C151EB8CAA /* Pods-BorrowME.debug.xcconfig */;
			buildSettings = {
				ASSETCATALOG_COMPILER_APPICON_NAME = AppIcon;
				CODE_SIGN_STYLE = Automatic;
				INFOPLIST_FILE = BorrowME/Info.plist;
				IPHONEOS_DEPLOYMENT_TARGET = 10.0;
				LD_RUNPATH_SEARCH_PATHS = "$(inherited) @executable_path/Frameworks";
				PRODUCT_BUNDLE_IDENTIFIER = team3.BorrowME;
				PRODUCT_NAME = "$(TARGET_NAME)";
				SWIFT_VERSION = 4.0;
				TARGETED_DEVICE_FAMILY = "1,2";
			};
			name = Debug;
		};
		CE3776761F5BB55E00992015 /* Release */ = {
			isa = XCBuildConfiguration;
			baseConfigurationReference = FAE77E01CBD7628C39E10D33 /* Pods-BorrowME.release.xcconfig */;
			buildSettings = {
				ASSETCATALOG_COMPILER_APPICON_NAME = AppIcon;
				CODE_SIGN_STYLE = Automatic;
				INFOPLIST_FILE = BorrowME/Info.plist;
				IPHONEOS_DEPLOYMENT_TARGET = 10.0;
				LD_RUNPATH_SEARCH_PATHS = "$(inherited) @executable_path/Frameworks";
				PRODUCT_BUNDLE_IDENTIFIER = team3.BorrowME;
				PRODUCT_NAME = "$(TARGET_NAME)";
				SWIFT_VERSION = 4.0;
				TARGETED_DEVICE_FAMILY = "1,2";
			};
			name = Release;
		};
/* End XCBuildConfiguration section */

/* Begin XCConfigurationList section */
		CE37765D1F5BB55E00992015 /* Build configuration list for PBXProject "BorrowME" */ = {
			isa = XCConfigurationList;
			buildConfigurations = (
				CE3776721F5BB55E00992015 /* Debug */,
				CE3776731F5BB55E00992015 /* Release */,
			);
			defaultConfigurationIsVisible = 0;
			defaultConfigurationName = Release;
		};
		CE3776741F5BB55E00992015 /* Build configuration list for PBXNativeTarget "BorrowME" */ = {
			isa = XCConfigurationList;
			buildConfigurations = (
				CE3776751F5BB55E00992015 /* Debug */,
				CE3776761F5BB55E00992015 /* Release */,
			);
			defaultConfigurationIsVisible = 0;
			defaultConfigurationName = Release;
		};
/* End XCConfigurationList section */
	};
	rootObject = CE37765A1F5BB55E00992015 /* Project object */;
}
